
Microsoft Visual Studio Solution File, Format Version 12.00
# Visual Studio 2017
Project("{FAE04EC0-301F-11D3-BF4B-00C04F79EFBC}") = "A Telling Lost", "A Telling Lost.csproj", "{74C03F8A-1063-DC84-2809-0C6972B421EA}"
EndProject
Project("{FAE04EC0-301F-11D3-BF4B-00C04F79EFBC}") = "A Telling Lost.Editor", "A Telling Lost.Editor.csproj", "{7CF47B8A-69DE-A6BC-925F-07D25F590013}"
EndProject
Global
	GlobalSection(SolutionConfigurationPlatforms) = preSolution
		Debug|Any CPU = Debug|Any CPU
		Release|Any CPU = Release|Any CPU
	EndGlobalSection
	GlobalSection(ProjectConfigurationPlatforms) = postSolution
		{74C03F8A-1063-DC84-2809-0C6972B421EA}.Debug|Any CPU.ActiveCfg = Debug|Any CPU
		{74C03F8A-1063-DC84-2809-0C6972B421EA}.Debug|Any CPU.Build.0 = Debug|Any CPU
		{74C03F8A-1063-DC84-2809-0C6972B421EA}.Release|Any CPU.ActiveCfg = Release|Any CPU
		{74C03F8A-1063-DC84-2809-0C6972B421EA}.Release|Any CPU.Build.0 = Release|Any CPU
		{7CF47B8A-69DE-A6BC-925F-07D25F590013}.Debug|Any CPU.ActiveCfg = Debug|Any CPU
		{7CF47B8A-69DE-A6BC-925F-07D25F590013}.Debug|Any CPU.Build.0 = Debug|Any CPU
		{7CF47B8A-69DE-A6BC-925F-07D25F590013}.Release|Any CPU.ActiveCfg = Release|Any CPU
		{7CF47B8A-69DE-A6BC-925F-07D25F590013}.Release|Any CPU.Build.0 = Release|Any CPU
	EndGlobalSection
	GlobalSection(SolutionProperties) = preSolution
		HideSolutionNode = FALSE
	EndGlobalSection
EndGlobal
